// !$*UTF8*$!
{
	archiveVersion = 1;
	classes = {
	};
	objectVersion = 46;
	objects = {

/* Begin PBXBuildFile section */
		A01B1FF21D23FE5900F82DC9 /* AppDelegate.swift in Sources */ = {isa = PBXBuildFile; fileRef = A01B1FF11D23FE5900F82DC9 /* AppDelegate.swift */; };
		A01B1FF41D23FE5900F82DC9 /* ViewController.swift in Sources */ = {isa = PBXBuildFile; fileRef = A01B1FF31D23FE5900F82DC9 /* ViewController.swift */; };
		A01B1FF71D23FE5A00F82DC9 /* Main.storyboard in Resources */ = {isa = PBXBuildFile; fileRef = A01B1FF51D23FE5900F82DC9 /* Main.storyboard */; };
		A01B1FF91D23FE5A00F82DC9 /* Assets.xcassets in Resources */ = {isa = PBXBuildFile; fileRef = A01B1FF81D23FE5A00F82DC9 /* Assets.xcassets */; };
		A01B1FFC1D23FE5A00F82DC9 /* LaunchScreen.storyboard in Resources */ = {isa = PBXBuildFile; fileRef = A01B1FFA1D23FE5A00F82DC9 /* LaunchScreen.storyboard */; };
		A01B20041D24015500F82DC9 /* EstimoteSDK.framework in Frameworks */ = {isa = PBXBuildFile; fileRef = A01B20031D24015500F82DC9 /* EstimoteSDK.framework */; };
/* End PBXBuildFile section */

/* Begin PBXFileReference section */
		A01B1FEE1D23FE5900F82DC9 /* GCBeacon.app */ = {isa = PBXFileReference; explicitFileType = wrapper.application; includeInIndex = 0; path = GCBeacon.app; sourceTree = BUILT_PRODUCTS_DIR; };
		A01B1FF11D23FE5900F82DC9 /* AppDelegate.swift */ = {isa = PBXFileReference; lastKnownFileType = sourcecode.swift; path = AppDelegate.swift; sourceTree = "<group>"; };
		A01B1FF31D23FE5900F82DC9 /* ViewController.swift */ = {isa = PBXFileReference; lastKnownFileType = sourcecode.swift; path = ViewController.swift; sourceTree = "<group>"; };
		A01B1FF61D23FE5900F82DC9 /* Base */ = {isa = PBXFileReference; lastKnownFileType = file.storyboard; name = Base; path = Base.lproj/Main.storyboard; sourceTree = "<group>"; };
		A01B1FF81D23FE5A00F82DC9 /* Assets.xcassets */ = {isa = PBXFileReference; lastKnownFileType = folder.assetcatalog; path = Assets.xcassets; sourceTree = "<group>"; };
		A01B1FFB1D23FE5A00F82DC9 /* Base */ = {isa = PBXFileReference; lastKnownFileType = file.storyboard; name = Base; path = Base.lproj/LaunchScreen.storyboard; sourceTree = "<group>"; };
		A01B1FFD1D23FE5A00F82DC9 /* Info.plist */ = {isa = PBXFileReference; lastKnownFileType = text.plist.xml; path = Info.plist; sourceTree = "<group>"; };
		A01B20031D24015500F82DC9 /* EstimoteSDK.framework */ = {isa = PBXFileReference; lastKnownFileType = wrapper.framework; path = EstimoteSDK.framework; sourceTree = "<group>"; };
		A01B20061D24284F00F82DC9 /* ObjCBridge.h */ = {isa = PBXFileReference; lastKnownFileType = sourcecode.c.h; path = ObjCBridge.h; sourceTree = "<group>"; };
/* End PBXFileReference section */

/* Begin PBXFrameworksBuildPhase section */
		A01B1FEB1D23FE5900F82DC9 /* Frameworks */ = {
			isa = PBXFrameworksBuildPhase;
			buildActionMask = 2147483647;
			files = (
				A01B20041D24015500F82DC9 /* EstimoteSDK.framework in Frameworks */,
			);
			runOnlyForDeploymentPostprocessing = 0;
		};
/* End PBXFrameworksBuildPhase section */

/* Begin PBXGroup section */
		A01B1FE51D23FE5900F82DC9 = {
			isa = PBXGroup;
			children = (
				A01B1FF01D23FE5900F82DC9 /* GCBeacon */,
				A01B1FEF1D23FE5900F82DC9 /* Products */,
			);
			sourceTree = "<group>";
		};
		A01B1FEF1D23FE5900F82DC9 /* Products */ = {
			isa = PBXGroup;
			children = (
				A01B1FEE1D23FE5900F82DC9 /* GCBeacon.app */,
			);
			name = Products;
			sourceTree = "<group>";
		};
		A01B1FF01D23FE5900F82DC9 /* GCBeacon */ = {
			isa = PBXGroup;
			children = (
				A01B1FF11D23FE5900F82DC9 /* AppDelegate.swift */,
				A01B1FF31D23FE5900F82DC9 /* ViewController.swift */,
				A01B20061D24284F00F82DC9 /* ObjCBridge.h */,
				A01B1FF51D23FE5900F82DC9 /* Main.storyboard */,
				A01B20031D24015500F82DC9 /* EstimoteSDK.framework */,
				A01B1FF81D23FE5A00F82DC9 /* Assets.xcassets */,
				A01B1FFA1D23FE5A00F82DC9 /* LaunchScreen.storyboard */,
				A01B1FFD1D23FE5A00F82DC9 /* Info.plist */,
			);
			path = GCBeacon;
			sourceTree = "<group>";
		};
/* End PBXGroup section */

/* Begin PBXNativeTarget section */
		A01B1FED1D23FE5900F82DC9 /* GCBeacon */ = {
			isa = PBXNativeTarget;
			buildConfigurationList = A01B20001D23FE5A00F82DC9 /* Build configuration list for PBXNativeTarget "GCBeacon" */;
			buildPhases = (
				A01B1FEA1D23FE5900F82DC9 /* Sources */,
				A01B1FEB1D23FE5900F82DC9 /* Frameworks */,
				A01B1FEC1D23FE5900F82DC9 /* Resources */,
			);
			buildRules = (
			);
			dependencies = (
			);
			name = GCBeacon;
			productName = GCBeacon;
			productReference = A01B1FEE1D23FE5900F82DC9 /* GCBeacon.app */;
			productType = "com.apple.product-type.application";
		};
/* End PBXNativeTarget section */

/* Begin PBXProject section */
		A01B1FE61D23FE5900F82DC9 /* Project object */ = {
			isa = PBXProject;
			attributes = {
				LastSwiftUpdateCheck = 0730;
				LastUpgradeCheck = 0730;
				ORGANIZATIONNAME = "Hallam John Ager";
				TargetAttributes = {
					A01B1FED1D23FE5900F82DC9 = {
						CreatedOnToolsVersion = 7.3.1;
						DevelopmentTeam = PB5S47GH58;
					};
				};
			};
			buildConfigurationList = A01B1FE91D23FE5900F82DC9 /* Build configuration list for PBXProject "GCBeacon" */;
			compatibilityVersion = "Xcode 3.2";
			developmentRegion = English;
			hasScannedForEncodings = 0;
			knownRegions = (
				en,
				Base,
			);
			mainGroup = A01B1FE51D23FE5900F82DC9;
			productRefGroup = A01B1FEF1D23FE5900F82DC9 /* Products */;
			projectDirPath = "";
			projectRoot = "";
			targets = (
				A01B1FED1D23FE5900F82DC9 /* GCBeacon */,
			);
		};
/* End PBXProject section */

/* Begin PBXResourcesBuildPhase section */
		A01B1FEC1D23FE5900F82DC9 /* Resources */ = {
			isa = PBXResourcesBuildPhase;
			buildActionMask = 2147483647;
			files = (
				A01B1FFC1D23FE5A00F82DC9 /* LaunchScreen.storyboard in Resources */,
				A01B1FF91D23FE5A00F82DC9 /* Assets.xcassets in Resources */,
				A01B1FF71D23FE5A00F82DC9 /* Main.storyboard in Resources */,
			);
			runOnlyForDeploymentPostprocessing = 0;
		};
/* End PBXResourcesBuildPhase section */

/* Begin PBXSourcesBuildPhase section */
		A01B1FEA1D23FE5900F82DC9 /* Sources */ = {
			isa = PBXSourcesBuildPhase;
			buildActionMask = 2147483647;
			files = (
				A01B1FF41D23FE5900F82DC9 /* ViewController.swift in Sources */,
				A01B1FF21D23FE5900F82DC9 /* AppDelegate.swift in Sources */,
			);
			runOnlyForDeploymentPostprocessing = 0;
		};
/* End PBXSourcesBuildPhase section */

/* Begin PBXVariantGroup section */
		A01B1FF51D23FE5900F82DC9 /* Main.storyboard */ = {
			isa = PBXVariantGroup;
			children = (
				A01B1FF61D23FE5900F82DC9 /* Base */,
			);
			name = Main.storyboard;
			sourceTree = "<group>";
		};
		A01B1FFA1D23FE5A00F82DC9 /* LaunchScreen.storyboard */ = {
			isa = PBXVariantGroup;
			children = (
				A01B1FFB1D23FE5A00F82DC9 /* Base */,
			);
			name = LaunchScreen.storyboard;
			sourceTree = "<group>";
		};
/* End PBXVariantGroup section */

/* Begin XCBuildConfiguration section */
		A01B1FFE1D23FE5A00F82DC9 /* Debug */ = {
			isa = XCBuildConfiguration;
			buildSettings = {
				ALWAYS_SEARCH_USER_PATHS = NO;
				CLANG_ANALYZER_NONNULL = YES;
				CLANG_CXX_LANGUAGE_STANDARD = "gnu++0x";
				CLANG_CXX_LIBRARY = "libc++";
				CLANG_ENABLE_MODULES = YES;
				CLANG_ENABLE_OBJC_ARC = YES;
				CLANG_WARN_BOOL_CONVERSION = YES;
				CLANG_WARN_CONSTANT_CONVERSION = YES;
				CLANG_WARN_DIRECT_OBJC_ISA_USAGE = YES_ERROR;
				CLANG_WARN_EMPTY_BODY = YES;
				CLANG_WARN_ENUM_CONVERSION = YES;
				CLANG_WARN_INT_CONVERSION = YES;
				CLANG_WARN_OBJC_ROOT_CLASS = YES_ERROR;
				CLANG_WARN_UNREACHABLE_CODE = YES;
				CLANG_WARN__DUPLICATE_METHOD_MATCH = YES;
				"CODE_SIGN_IDENTITY[sdk=iphoneos*]" = "iPhone Developer";
				COPY_PHASE_STRIP = NO;
				DEBUG_INFORMATION_FORMAT = dwarf;
				ENABLE_STRICT_OBJC_MSGSEND = YES;
				ENABLE_TESTABILITY = YES;
				GCC_C_LANGUAGE_STANDARD = gnu99;
				GCC_DYNAMIC_NO_PIC = NO;
				GCC_NO_COMMON_BLOCKS = YES;
				GCC_OPTIMIZATION_LEVEL = 0;
				GCC_PREPROCESSOR_DEFINITIONS = (
					"DEBUG=1",
					"$(inherited)",
				);
				GCC_WARN_64_TO_32_BIT_CONVERSION = YES;
				GCC_WARN_ABOUT_RETURN_TYPE = YES_ERROR;
				GCC_WARN_UNDECLARED_SELECTOR = YES;
				GCC_WARN_UNINITIALIZED_AUTOS = YES_AGGRESSIVE;
				GCC_WARN_UNUSED_FUNCTION = YES;
				GCC_WARN_UNUSED_VARIABLE = YES;
				IPHONEOS_DEPLOYMENT_TARGET = 9.3;
				MTL_ENABLE_DEBUG_INFO = YES;
				ONLY_ACTIVE_ARCH = YES;
				SDKROOT = iphoneos;
				SWIFT_OPTIMIZATION_LEVEL = "-Onone";
				TARGETED_DEVICE_FAMILY = "1,2";
			};
			name = Debug;
		};
		A01B1FFF1D23FE5A00F82DC9 /* Release */ = {
			isa = XCBuildConfiguration;
			buildSettings = {
				ALWAYS_SEARCH_USER_PATHS = NO;
				CLANG_ANALYZER_NONNULL = YES;
				CLANG_CXX_LANGUAGE_STANDARD = "gnu++0x";
				CLANG_CXX_LIBRARY = "libc++";
				CLANG_ENABLE_MODULES = YES;
				CLANG_ENABLE_OBJC_ARC = YES;
				CLANG_WARN_BOOL_CONVERSION = YES;
				CLANG_WARN_CONSTANT_CONVERSION = YES;
				CLANG_WARN_DIRECT_OBJC_ISA_USAGE = YES_ERROR;
				CLANG_WARN_EMPTY_BODY = YES;
				CLANG_WARN_ENUM_CONVERSION = YES;
				CLANG_WARN_INT_CONVERSION = YES;
				CLANG_WARN_OBJC_ROOT_CLASS = YES_ERROR;
				CLANG_WARN_UNREACHABLE_CODE = YES;
				CLANG_WARN__DUPLICATE_METHOD_MATCH = YES;
				"CODE_SIGN_IDENTITY[sdk=iphoneos*]" = "iPhone Developer";
				COPY_PHASE_STRIP = NO;
				DEBUG_INFORMATION_FORMAT = "dwarf-with-dsym";
				ENABLE_NS_ASSERTIONS = NO;
				ENABLE_STRICT_OBJC_MSGSEND = YES;
				GCC_C_LANGUAGE_STANDARD = gnu99;
				GCC_NO_COMMON_BLOCKS = YES;
				GCC_WARN_64_TO_32_BIT_CONVERSION = YES;
				GCC_WARN_ABOUT_RETURN_TYPE = YES_ERROR;
				GCC_WARN_UNDECLARED_SELECTOR = YES;
				GCC_WARN_UNINITIALIZED_AUTOS = YES_AGGRESSIVE;
				GCC_WARN_UNUSED_FUNCTION = YES;
				GCC_WARN_UNUSED_VARIABLE = YES;
				IPHONEOS_DEPLOYMENT_TARGET = 9.3;
				MTL_ENABLE_DEBUG_INFO = NO;
				SDKROOT = iphoneos;
				TARGETED_DEVICE_FAMILY = "1,2";
				VALIDATE_PRODUCT = YES;
			};
			name = Release;
		};
		A01B20011D23FE5A00F82DC9 /* Debug */ = {
			isa = XCBuildConfiguration;
			buildSettings = {
				ASSETCATALOG_COMPILER_APPICON_NAME = AppIcon;
				CODE_SIGN_IDENTITY = "iPhone Developer";
				FRAMEWORK_SEARCH_PATHS = (
					"$(inherited)",
					"$(PROJECT_DIR)/GCBeacon",
				);
				INFOPLIST_FILE = GCBeacon/Info.plist;
				LD_RUNPATH_SEARCH_PATHS = "$(inherited) @executable_path/Frameworks";
				PRODUCT_BUNDLE_IDENTIFIER = com.hallam.GCBeacon;
				PRODUCT_NAME = "$(TARGET_NAME)";
				SDKROOT = iphoneos;
				SWIFT_OBJC_BRIDGING_HEADER = "${PROJECT_NAME}/ObjCBridge.h";
			};
			name = Debug;
		};
		A01B20021D23FE5A00F82DC9 /* Release */ = {
			isa = XCBuildConfiguration;
			buildSettings = {
				ASSETCATALOG_COMPILER_APPICON_NAME = AppIcon;
				CODE_SIGN_IDENTITY = "iPhone Developer";
				FRAMEWORK_SEARCH_PATHS = (
					"$(inherited)",
					"$(PROJECT_DIR)/GCBeacon",
				);
				INFOPLIST_FILE = GCBeacon/Info.plist;
				LD_RUNPATH_SEARCH_PATHS = "$(inherited) @executable_path/Frameworks";
				PRODUCT_BUNDLE_IDENTIFIER = com.hallam.GCBeacon;
				PRODUCT_NAME = "$(TARGET_NAME)";
				SDKROOT = iphoneos;
				SWIFT_OBJC_BRIDGING_HEADER = "${PROJECT_NAME}/ObjCBridge.h";
			};
			name = Release;
		};
/* End XCBuildConfiguration section */

/* Begin XCConfigurationList section */
		A01B1FE91D23FE5900F82DC9 /* Build configuration list for PBXProject "GCBeacon" */ = {
			isa = XCConfigurationList;
			buildConfigurations = (
				A01B1FFE1D23FE5A00F82DC9 /* Debug */,
				A01B1FFF1D23FE5A00F82DC9 /* Release */,
			);
			defaultConfigurationIsVisible = 0;
			defaultConfigurationName = Release;
		};
		A01B20001D23FE5A00F82DC9 /* Build configuration list for PBXNativeTarget "GCBeacon" */ = {
			isa = XCConfigurationList;
			buildConfigurations = (
				A01B20011D23FE5A00F82DC9 /* Debug */,
				A01B20021D23FE5A00F82DC9 /* Release */,
			);
			defaultConfigurationIsVisible = 0;
			defaultConfigurationName = Release;
		};
/* End XCConfigurationList section */
	};
	rootObject = A01B1FE61D23FE5900F82DC9 /* Project object */;
}
